
Microsoft Visual Studio Solution File, Format Version 12.00
# Visual Studio Version 17
VisualStudioVersion = 17.4.33213.308
MinimumVisualStudioVersion = 10.0.40219.1
Project("{9A19103F-16F7-4668-BE54-9A1E7A4F7556}") = "AM.UI.Console", "AM.UI.Console\AM.UI.Console.csproj", "{EBC9EE8F-D7B1-4082-BBD3-38EC0DF046FA}"
EndProject
Project("{FAE04EC0-301F-11D3-BF4B-00C04F79EFBC}") = "AM.ApplicationCore", "AM.ApplicationCore\AM.ApplicationCore.csproj", "{BD81B63C-76ED-4FB1-815F-2414F2000074}"
EndProject
Global
	GlobalSection(SolutionConfigurationPlatforms) = preSolution
		Debug|Any CPU = Debug|Any CPU
		Release|Any CPU = Release|Any CPU
	EndGlobalSection
	GlobalSection(ProjectConfigurationPlatforms) = postSolution
		{EBC9EE8F-D7B1-4082-BBD3-38EC0DF046FA}.Debug|Any CPU.ActiveCfg = Debug|Any CPU
		{EBC9EE8F-D7B1-4082-BBD3-38EC0DF046FA}.Debug|Any CPU.Build.0 = Debug|Any CPU
		{EBC9EE8F-D7B1-4082-BBD3-38EC0DF046FA}.Release|Any CPU.ActiveCfg = Release|Any CPU
		{EBC9EE8F-D7B1-4082-BBD3-38EC0DF046FA}.Release|Any CPU.Build.0 = Release|Any CPU
		{BD81B63C-76ED-4FB1-815F-2414F2000074}.Debug|Any CPU.ActiveCfg = Debug|Any CPU
		{BD81B63C-76ED-4FB1-815F-2414F2000074}.Debug|Any CPU.Build.0 = Debug|Any CPU
		{BD81B63C-76ED-4FB1-815F-2414F2000074}.Release|Any CPU.ActiveCfg = Release|Any CPU
		{BD81B63C-76ED-4FB1-815F-2414F2000074}.Release|Any CPU.Build.0 = Release|Any CPU
	EndGlobalSection
	GlobalSection(SolutionProperties) = preSolution
		HideSolutionNode = FALSE
	EndGlobalSection
	GlobalSection(ExtensibilityGlobals) = postSolution
		SolutionGuid = {253B8404-4890-4F2F-A56F-69BD549FCBDD}
	EndGlobalSection
EndGlobal
